// !$*UTF8*$!
{
	archiveVersion = 1;
	classes = {
	};
	objectVersion = 52;
	objects = {

/* Begin PBXBuildFile section */
		4D256EF425486786004B3C38 /* RxCocoa in Frameworks */ = {isa = PBXBuildFile; productRef = 4D256EF325486786004B3C38 /* RxCocoa */; };
		4D256EF625486786004B3C38 /* RxSwift in Frameworks */ = {isa = PBXBuildFile; productRef = 4D256EF525486786004B3C38 /* RxSwift */; };
		4D256EFB254867F8004B3C38 /* RxGesture in Frameworks */ = {isa = PBXBuildFile; productRef = 4D256EFA254867F8004B3C38 /* RxGesture */; };
		4D256F0025486820004B3C38 /* SnapKit in Frameworks */ = {isa = PBXBuildFile; productRef = 4D256EFF25486820004B3C38 /* SnapKit */; };
		4D256F0525486865004B3C38 /* RxAppState in Frameworks */ = {isa = PBXBuildFile; productRef = 4D256F0425486865004B3C38 /* RxAppState */; };
		4D256F0A254868AA004B3C38 /* Differentiator in Frameworks */ = {isa = PBXBuildFile; productRef = 4D256F09254868AA004B3C38 /* Differentiator */; };
		4D256F0C254868AA004B3C38 /* RxDataSources in Frameworks */ = {isa = PBXBuildFile; productRef = 4D256F0B254868AA004B3C38 /* RxDataSources */; };
		4D256F11254868DB004B3C38 /* Alamofire in Frameworks */ = {isa = PBXBuildFile; productRef = 4D256F10254868DB004B3C38 /* Alamofire */; };
		4D256F1625486955004B3C38 /* Gedatsu in Frameworks */ = {isa = PBXBuildFile; productRef = 4D256F1525486955004B3C38 /* Gedatsu */; };
		4D256F1D25486BC3004B3C38 /* Recorder_VM.swift in Sources */ = {isa = PBXBuildFile; fileRef = 4D256F1A25486BC3004B3C38 /* Recorder_VM.swift */; };
		4D256F1E25486BC3004B3C38 /* AudioRecorder.swift in Sources */ = {isa = PBXBuildFile; fileRef = 4D256F1B25486BC3004B3C38 /* AudioRecorder.swift */; };
		4D256F1F25486BC3004B3C38 /* Recorder_VC.swift in Sources */ = {isa = PBXBuildFile; fileRef = 4D256F1C25486BC3004B3C38 /* Recorder_VC.swift */; };
		4D256F2B25487153004B3C38 /* Error+Util.swift in Sources */ = {isa = PBXBuildFile; fileRef = 4D256F2A25487153004B3C38 /* Error+Util.swift */; };
		4D449ACD254C8BA000BC5623 /* Data+Util.swift in Sources */ = {isa = PBXBuildFile; fileRef = 4D449ACC254C8BA000BC5623 /* Data+Util.swift */; };
		4D47F5DC2581BD8600DD209D /* Tooltip_VC.swift in Sources */ = {isa = PBXBuildFile; fileRef = 4D47F5DB2581BD8600DD209D /* Tooltip_VC.swift */; };
		4D47F5E22581C27C00DD209D /* TooltipView.swift in Sources */ = {isa = PBXBuildFile; fileRef = 4D47F5E12581C27C00DD209D /* TooltipView.swift */; };
		4D5E77D32451494800A7C344 /* AppDelegate.swift in Sources */ = {isa = PBXBuildFile; fileRef = 4D5E77D22451494800A7C344 /* AppDelegate.swift */; };
		4D5E77D52451494800A7C344 /* SceneDelegate.swift in Sources */ = {isa = PBXBuildFile; fileRef = 4D5E77D42451494800A7C344 /* SceneDelegate.swift */; };
		4D5E77D72451494800A7C344 /* ViewController.swift in Sources */ = {isa = PBXBuildFile; fileRef = 4D5E77D62451494800A7C344 /* ViewController.swift */; };
		4D5E77DA2451494800A7C344 /* Main.storyboard in Resources */ = {isa = PBXBuildFile; fileRef = 4D5E77D82451494800A7C344 /* Main.storyboard */; };
		4D5E77DC2451494C00A7C344 /* Assets.xcassets in Resources */ = {isa = PBXBuildFile; fileRef = 4D5E77DB2451494C00A7C344 /* Assets.xcassets */; };
		4D5E77DF2451494C00A7C344 /* LaunchScreen.storyboard in Resources */ = {isa = PBXBuildFile; fileRef = 4D5E77DD2451494C00A7C344 /* LaunchScreen.storyboard */; };
		4D5E77EA2451494D00A7C344 /* UITestTests.swift in Sources */ = {isa = PBXBuildFile; fileRef = 4D5E77E92451494D00A7C344 /* UITestTests.swift */; };
		4D5E77FB24515E1300A7C344 /* Collection+Util.swift in Sources */ = {isa = PBXBuildFile; fileRef = 4D5E77FA24515E1300A7C344 /* Collection+Util.swift */; };
		4D63F40B24A9DB520012730D /* Visualizer.swift in Sources */ = {isa = PBXBuildFile; fileRef = 4D63F40A24A9DB520012730D /* Visualizer.swift */; };
		4D69F5A725523488007827D7 /* Picker_VC.swift in Sources */ = {isa = PBXBuildFile; fileRef = 4D69F5A625523488007827D7 /* Picker_VC.swift */; };
		4D7DCEC9246EFBA400787D9B /* UIPageViewController+Util.swift in Sources */ = {isa = PBXBuildFile; fileRef = 4D7DCEC8246EFBA400787D9B /* UIPageViewController+Util.swift */; };
		4D9FD72624705043007A9703 /* MessageInputView.swift in Sources */ = {isa = PBXBuildFile; fileRef = 4D9FD72524705043007A9703 /* MessageInputView.swift */; };
		4D9FD72824705172007A9703 /* RxView.swift in Sources */ = {isa = PBXBuildFile; fileRef = 4D9FD72724705172007A9703 /* RxView.swift */; };
		4D9FD72C2470F1A4007A9703 /* Message_VC.swift in Sources */ = {isa = PBXBuildFile; fileRef = 4D9FD72A2470F1A4007A9703 /* Message_VC.swift */; };
		4D9FD72D2470F1A4007A9703 /* Message_VM.swift in Sources */ = {isa = PBXBuildFile; fileRef = 4D9FD72B2470F1A4007A9703 /* Message_VM.swift */; };
		4DABE82F2598ED9A0047D704 /* Sprinklable.swift in Sources */ = {isa = PBXBuildFile; fileRef = 4DABE82E2598ED9A0047D704 /* Sprinklable.swift */; };
		4DABE8352598F1C60047D704 /* UIView+Sprinkle.swift in Sources */ = {isa = PBXBuildFile; fileRef = 4DABE8342598F1C60047D704 /* UIView+Sprinkle.swift */; };
		4DABE83B2598F29D0047D704 /* UIImage+Util.swift in Sources */ = {isa = PBXBuildFile; fileRef = 4DABE83A2598F29D0047D704 /* UIImage+Util.swift */; };
		4DB3F02F246318BF00602F96 /* Profile_VM.swift in Sources */ = {isa = PBXBuildFile; fileRef = 4DB3F02D246318BE00602F96 /* Profile_VM.swift */; };
		4DB3F030246318BF00602F96 /* Profile_VC.swift in Sources */ = {isa = PBXBuildFile; fileRef = 4DB3F02E246318BE00602F96 /* Profile_VC.swift */; };
		4DC6F52E246D8CA0003D3B0E /* Page_VM.swift in Sources */ = {isa = PBXBuildFile; fileRef = 4DC6F52C246D8CA0003D3B0E /* Page_VM.swift */; };
		4DC6F52F246D8CA0003D3B0E /* Page_VC.swift in Sources */ = {isa = PBXBuildFile; fileRef = 4DC6F52D246D8CA0003D3B0E /* Page_VC.swift */; };
		4DC6F532246D8CD4003D3B0E /* PageControl.swift in Sources */ = {isa = PBXBuildFile; fileRef = 4DC6F531246D8CD4003D3B0E /* PageControl.swift */; };
		4DCC6D6C2456D59900EB0CCF /* Main_VM.swift in Sources */ = {isa = PBXBuildFile; fileRef = 4DCC6D6A2456D59900EB0CCF /* Main_VM.swift */; };
		4DCC6D6D2456D59900EB0CCF /* Main_VC.swift in Sources */ = {isa = PBXBuildFile; fileRef = 4DCC6D6B2456D59900EB0CCF /* Main_VC.swift */; };
		4DCC6D712456DE1B00EB0CCF /* MainCell_TopUser.swift in Sources */ = {isa = PBXBuildFile; fileRef = 4DCC6D6E2456DE1B00EB0CCF /* MainCell_TopUser.swift */; };
		4DCC6D732456DE1B00EB0CCF /* MainCell_NewUser.swift in Sources */ = {isa = PBXBuildFile; fileRef = 4DCC6D702456DE1B00EB0CCF /* MainCell_NewUser.swift */; };
		4DE1E0522455F07000A25A81 /* User_VC.swift in Sources */ = {isa = PBXBuildFile; fileRef = 4DE1E04C2455F07000A25A81 /* User_VC.swift */; };
		4DE1E0532455F07000A25A81 /* UserCell_VM.swift in Sources */ = {isa = PBXBuildFile; fileRef = 4DE1E04D2455F07000A25A81 /* UserCell_VM.swift */; };
		4DE1E0542455F07000A25A81 /* UserCell.swift in Sources */ = {isa = PBXBuildFile; fileRef = 4DE1E04E2455F07000A25A81 /* UserCell.swift */; };
		4DE1E0552455F07000A25A81 /* BannerView.swift in Sources */ = {isa = PBXBuildFile; fileRef = 4DE1E0502455F07000A25A81 /* BannerView.swift */; };
		4DE1E0562455F07000A25A81 /* Banner_VC.swift in Sources */ = {isa = PBXBuildFile; fileRef = 4DE1E0512455F07000A25A81 /* Banner_VC.swift */; };
		4DE1E0582455F1E700A25A81 /* User.swift in Sources */ = {isa = PBXBuildFile; fileRef = 4DE1E0572455F1E700A25A81 /* User.swift */; };
/* End PBXBuildFile section */

/* Begin PBXContainerItemProxy section */
		4D5E77E62451494D00A7C344 /* PBXContainerItemProxy */ = {
			isa = PBXContainerItemProxy;
			containerPortal = 4D5E77C72451494800A7C344 /* Project object */;
			proxyType = 1;
			remoteGlobalIDString = 4D5E77CE2451494800A7C344;
			remoteInfo = UITest;
		};
/* End PBXContainerItemProxy section */

/* Begin PBXFileReference section */
		4D256F1A25486BC3004B3C38 /* Recorder_VM.swift */ = {isa = PBXFileReference; fileEncoding = 4; lastKnownFileType = sourcecode.swift; path = Recorder_VM.swift; sourceTree = "<group>"; };
		4D256F1B25486BC3004B3C38 /* AudioRecorder.swift */ = {isa = PBXFileReference; fileEncoding = 4; lastKnownFileType = sourcecode.swift; path = AudioRecorder.swift; sourceTree = "<group>"; };
		4D256F1C25486BC3004B3C38 /* Recorder_VC.swift */ = {isa = PBXFileReference; fileEncoding = 4; lastKnownFileType = sourcecode.swift; path = Recorder_VC.swift; sourceTree = "<group>"; };
		4D256F2A25487153004B3C38 /* Error+Util.swift */ = {isa = PBXFileReference; fileEncoding = 4; lastKnownFileType = sourcecode.swift; path = "Error+Util.swift"; sourceTree = "<group>"; };
		4D449ACC254C8BA000BC5623 /* Data+Util.swift */ = {isa = PBXFileReference; fileEncoding = 4; lastKnownFileType = sourcecode.swift; path = "Data+Util.swift"; sourceTree = "<group>"; };
		4D47F5DB2581BD8600DD209D /* Tooltip_VC.swift */ = {isa = PBXFileReference; fileEncoding = 4; lastKnownFileType = sourcecode.swift; path = Tooltip_VC.swift; sourceTree = "<group>"; };
		4D47F5E12581C27C00DD209D /* TooltipView.swift */ = {isa = PBXFileReference; fileEncoding = 4; lastKnownFileType = sourcecode.swift; path = TooltipView.swift; sourceTree = "<group>"; };
		4D5E77CF2451494800A7C344 /* UITest.app */ = {isa = PBXFileReference; explicitFileType = wrapper.application; includeInIndex = 0; path = UITest.app; sourceTree = BUILT_PRODUCTS_DIR; };
		4D5E77D22451494800A7C344 /* AppDelegate.swift */ = {isa = PBXFileReference; lastKnownFileType = sourcecode.swift; path = AppDelegate.swift; sourceTree = "<group>"; };
		4D5E77D42451494800A7C344 /* SceneDelegate.swift */ = {isa = PBXFileReference; lastKnownFileType = sourcecode.swift; path = SceneDelegate.swift; sourceTree = "<group>"; };
		4D5E77D62451494800A7C344 /* ViewController.swift */ = {isa = PBXFileReference; lastKnownFileType = sourcecode.swift; path = ViewController.swift; sourceTree = "<group>"; };
		4D5E77D92451494800A7C344 /* Base */ = {isa = PBXFileReference; lastKnownFileType = file.storyboard; name = Base; path = Base.lproj/Main.storyboard; sourceTree = "<group>"; };
		4D5E77DB2451494C00A7C344 /* Assets.xcassets */ = {isa = PBXFileReference; lastKnownFileType = folder.assetcatalog; path = Assets.xcassets; sourceTree = "<group>"; };
		4D5E77DE2451494C00A7C344 /* Base */ = {isa = PBXFileReference; lastKnownFileType = file.storyboard; name = Base; path = Base.lproj/LaunchScreen.storyboard; sourceTree = "<group>"; };
		4D5E77E02451494C00A7C344 /* Info.plist */ = {isa = PBXFileReference; lastKnownFileType = text.plist.xml; path = Info.plist; sourceTree = "<group>"; };
		4D5E77E52451494C00A7C344 /* UITestTests.xctest */ = {isa = PBXFileReference; explicitFileType = wrapper.cfbundle; includeInIndex = 0; path = UITestTests.xctest; sourceTree = BUILT_PRODUCTS_DIR; };
		4D5E77E92451494D00A7C344 /* UITestTests.swift */ = {isa = PBXFileReference; lastKnownFileType = sourcecode.swift; path = UITestTests.swift; sourceTree = "<group>"; };
		4D5E77EB2451494D00A7C344 /* Info.plist */ = {isa = PBXFileReference; lastKnownFileType = text.plist.xml; path = Info.plist; sourceTree = "<group>"; };
		4D5E77FA24515E1300A7C344 /* Collection+Util.swift */ = {isa = PBXFileReference; fileEncoding = 4; lastKnownFileType = sourcecode.swift; path = "Collection+Util.swift"; sourceTree = "<group>"; };
		4D63F40A24A9DB520012730D /* Visualizer.swift */ = {isa = PBXFileReference; fileEncoding = 4; lastKnownFileType = sourcecode.swift; path = Visualizer.swift; sourceTree = "<group>"; };
		4D69F5A625523488007827D7 /* Picker_VC.swift */ = {isa = PBXFileReference; fileEncoding = 4; lastKnownFileType = sourcecode.swift; path = Picker_VC.swift; sourceTree = "<group>"; };
		4D7DCEC8246EFBA400787D9B /* UIPageViewController+Util.swift */ = {isa = PBXFileReference; fileEncoding = 4; lastKnownFileType = sourcecode.swift; path = "UIPageViewController+Util.swift"; sourceTree = "<group>"; };
		4D9FD72524705043007A9703 /* MessageInputView.swift */ = {isa = PBXFileReference; fileEncoding = 4; lastKnownFileType = sourcecode.swift; path = MessageInputView.swift; sourceTree = "<group>"; };
		4D9FD72724705172007A9703 /* RxView.swift */ = {isa = PBXFileReference; fileEncoding = 4; lastKnownFileType = sourcecode.swift; path = RxView.swift; sourceTree = "<group>"; };
		4D9FD72A2470F1A4007A9703 /* Message_VC.swift */ = {isa = PBXFileReference; fileEncoding = 4; lastKnownFileType = sourcecode.swift; path = Message_VC.swift; sourceTree = "<group>"; };
		4D9FD72B2470F1A4007A9703 /* Message_VM.swift */ = {isa = PBXFileReference; fileEncoding = 4; lastKnownFileType = sourcecode.swift; path = Message_VM.swift; sourceTree = "<group>"; };
		4DABE82E2598ED9A0047D704 /* Sprinklable.swift */ = {isa = PBXFileReference; fileEncoding = 4; lastKnownFileType = sourcecode.swift; path = Sprinklable.swift; sourceTree = "<group>"; };
		4DABE8342598F1C60047D704 /* UIView+Sprinkle.swift */ = {isa = PBXFileReference; fileEncoding = 4; lastKnownFileType = sourcecode.swift; path = "UIView+Sprinkle.swift"; sourceTree = "<group>"; };
		4DABE83A2598F29D0047D704 /* UIImage+Util.swift */ = {isa = PBXFileReference; fileEncoding = 4; lastKnownFileType = sourcecode.swift; path = "UIImage+Util.swift"; sourceTree = "<group>"; };
		4DB3F02D246318BE00602F96 /* Profile_VM.swift */ = {isa = PBXFileReference; fileEncoding = 4; lastKnownFileType = sourcecode.swift; path = Profile_VM.swift; sourceTree = "<group>"; };
		4DB3F02E246318BE00602F96 /* Profile_VC.swift */ = {isa = PBXFileReference; fileEncoding = 4; lastKnownFileType = sourcecode.swift; path = Profile_VC.swift; sourceTree = "<group>"; };
		4DC6F52C246D8CA0003D3B0E /* Page_VM.swift */ = {isa = PBXFileReference; fileEncoding = 4; lastKnownFileType = sourcecode.swift; path = Page_VM.swift; sourceTree = "<group>"; };
		4DC6F52D246D8CA0003D3B0E /* Page_VC.swift */ = {isa = PBXFileReference; fileEncoding = 4; lastKnownFileType = sourcecode.swift; path = Page_VC.swift; sourceTree = "<group>"; };
		4DC6F531246D8CD4003D3B0E /* PageControl.swift */ = {isa = PBXFileReference; fileEncoding = 4; lastKnownFileType = sourcecode.swift; path = PageControl.swift; sourceTree = "<group>"; };
		4DCC6D6A2456D59900EB0CCF /* Main_VM.swift */ = {isa = PBXFileReference; fileEncoding = 4; lastKnownFileType = sourcecode.swift; path = Main_VM.swift; sourceTree = "<group>"; };
		4DCC6D6B2456D59900EB0CCF /* Main_VC.swift */ = {isa = PBXFileReference; fileEncoding = 4; lastKnownFileType = sourcecode.swift; path = Main_VC.swift; sourceTree = "<group>"; };
		4DCC6D6E2456DE1B00EB0CCF /* MainCell_TopUser.swift */ = {isa = PBXFileReference; fileEncoding = 4; lastKnownFileType = sourcecode.swift; path = MainCell_TopUser.swift; sourceTree = "<group>"; };
		4DCC6D702456DE1B00EB0CCF /* MainCell_NewUser.swift */ = {isa = PBXFileReference; fileEncoding = 4; lastKnownFileType = sourcecode.swift; path = MainCell_NewUser.swift; sourceTree = "<group>"; };
		4DE1E04C2455F07000A25A81 /* User_VC.swift */ = {isa = PBXFileReference; fileEncoding = 4; lastKnownFileType = sourcecode.swift; path = User_VC.swift; sourceTree = "<group>"; };
		4DE1E04D2455F07000A25A81 /* UserCell_VM.swift */ = {isa = PBXFileReference; fileEncoding = 4; lastKnownFileType = sourcecode.swift; path = UserCell_VM.swift; sourceTree = "<group>"; };
		4DE1E04E2455F07000A25A81 /* UserCell.swift */ = {isa = PBXFileReference; fileEncoding = 4; lastKnownFileType = sourcecode.swift; path = UserCell.swift; sourceTree = "<group>"; };
		4DE1E0502455F07000A25A81 /* BannerView.swift */ = {isa = PBXFileReference; fileEncoding = 4; lastKnownFileType = sourcecode.swift; path = BannerView.swift; sourceTree = "<group>"; };
		4DE1E0512455F07000A25A81 /* Banner_VC.swift */ = {isa = PBXFileReference; fileEncoding = 4; lastKnownFileType = sourcecode.swift; path = Banner_VC.swift; sourceTree = "<group>"; };
		4DE1E0572455F1E700A25A81 /* User.swift */ = {isa = PBXFileReference; fileEncoding = 4; lastKnownFileType = sourcecode.swift; path = User.swift; sourceTree = "<group>"; };
/* End PBXFileReference section */

/* Begin PBXFrameworksBuildPhase section */
		4D5E77CC2451494800A7C344 /* Frameworks */ = {
			isa = PBXFrameworksBuildPhase;
			buildActionMask = 2147483647;
			files = (
				4D256F0525486865004B3C38 /* RxAppState in Frameworks */,
				4D256F11254868DB004B3C38 /* Alamofire in Frameworks */,
				4D256EF625486786004B3C38 /* RxSwift in Frameworks */,
				4D256F1625486955004B3C38 /* Gedatsu in Frameworks */,
				4D256F0025486820004B3C38 /* SnapKit in Frameworks */,
				4D256EFB254867F8004B3C38 /* RxGesture in Frameworks */,
				4D256F0C254868AA004B3C38 /* RxDataSources in Frameworks */,
				4D256F0A254868AA004B3C38 /* Differentiator in Frameworks */,
				4D256EF425486786004B3C38 /* RxCocoa in Frameworks */,
			);
			runOnlyForDeploymentPostprocessing = 0;
		};
		4D5E77E22451494C00A7C344 /* Frameworks */ = {
			isa = PBXFrameworksBuildPhase;
			buildActionMask = 2147483647;
			files = (
			);
			runOnlyForDeploymentPostprocessing = 0;
		};
/* End PBXFrameworksBuildPhase section */

/* Begin PBXGroup section */
		4D256F1925486BC3004B3C38 /* Record */ = {
			isa = PBXGroup;
			children = (
				4D256F1B25486BC3004B3C38 /* AudioRecorder.swift */,
				4D256F1C25486BC3004B3C38 /* Recorder_VC.swift */,
				4D256F1A25486BC3004B3C38 /* Recorder_VM.swift */,
			);
			path = Record;
			sourceTree = "<group>";
		};
		4D47F5DA2581BD8600DD209D /* Tooltip */ = {
			isa = PBXGroup;
			children = (
				4D47F5E12581C27C00DD209D /* TooltipView.swift */,
				4D47F5DB2581BD8600DD209D /* Tooltip_VC.swift */,
			);
			path = Tooltip;
			sourceTree = "<group>";
		};
		4D5E77C62451494800A7C344 = {
			isa = PBXGroup;
			children = (
				4D5E77D12451494800A7C344 /* UITest */,
				4D5E77E82451494D00A7C344 /* UITestTests */,
				4D5E77D02451494800A7C344 /* Products */,
			);
			sourceTree = "<group>";
		};
		4D5E77D02451494800A7C344 /* Products */ = {
			isa = PBXGroup;
			children = (
				4D5E77CF2451494800A7C344 /* UITest.app */,
				4D5E77E52451494C00A7C344 /* UITestTests.xctest */,
			);
			name = Products;
			sourceTree = "<group>";
		};
		4D5E77D12451494800A7C344 /* UITest */ = {
			isa = PBXGroup;
			children = (
				4D5E77F924515E1300A7C344 /* Utils */,
				4D5E77F424515D4400A7C344 /* Classes */,
				4D5E77D22451494800A7C344 /* AppDelegate.swift */,
				4D5E77D42451494800A7C344 /* SceneDelegate.swift */,
				4D5E77D62451494800A7C344 /* ViewController.swift */,
				4D5E77D82451494800A7C344 /* Main.storyboard */,
				4D5E77DB2451494C00A7C344 /* Assets.xcassets */,
				4D5E77DD2451494C00A7C344 /* LaunchScreen.storyboard */,
				4D5E77E02451494C00A7C344 /* Info.plist */,
			);
			path = UITest;
			sourceTree = "<group>";
		};
		4D5E77E82451494D00A7C344 /* UITestTests */ = {
			isa = PBXGroup;
			children = (
				4D5E77E92451494D00A7C344 /* UITestTests.swift */,
				4D5E77EB2451494D00A7C344 /* Info.plist */,
			);
			path = UITestTests;
			sourceTree = "<group>";
		};
		4D5E77F424515D4400A7C344 /* Classes */ = {
			isa = PBXGroup;
			children = (
				4DE1E04F2455F07000A25A81 /* Banner */,
				4DCC6D692456D59900EB0CCF /* Main */,
				4D9FD7292470F1A4007A9703 /* Message */,
				4DC6F52B246D8CA0003D3B0E /* Page */,
				4D69F5A525523488007827D7 /* Picker */,
				4DB3F02C246318BE00602F96 /* Profile */,
				4D256F1925486BC3004B3C38 /* Record */,
				4D47F5DA2581BD8600DD209D /* Tooltip */,
				4DE1E04B2455F07000A25A81 /* User */,
				4DC6F530246D8CD4003D3B0E /* View */,
			);
			path = Classes;
			sourceTree = "<group>";
		};
		4D5E77F924515E1300A7C344 /* Utils */ = {
			isa = PBXGroup;
			children = (
				4D5E77FA24515E1300A7C344 /* Collection+Util.swift */,
				4D449ACC254C8BA000BC5623 /* Data+Util.swift */,
				4D256F2A25487153004B3C38 /* Error+Util.swift */,
				4D9FD72724705172007A9703 /* RxView.swift */,
				4DABE82E2598ED9A0047D704 /* Sprinklable.swift */,
				4DABE83A2598F29D0047D704 /* UIImage+Util.swift */,
				4D7DCEC8246EFBA400787D9B /* UIPageViewController+Util.swift */,
				4DABE8342598F1C60047D704 /* UIView+Sprinkle.swift */,
			);
			path = Utils;
			sourceTree = "<group>";
		};
		4D69F5A525523488007827D7 /* Picker */ = {
			isa = PBXGroup;
			children = (
				4D69F5A625523488007827D7 /* Picker_VC.swift */,
			);
			path = Picker;
			sourceTree = "<group>";
		};
		4D9FD7292470F1A4007A9703 /* Message */ = {
			isa = PBXGroup;
			children = (
				4D9FD72A2470F1A4007A9703 /* Message_VC.swift */,
				4D9FD72B2470F1A4007A9703 /* Message_VM.swift */,
			);
			path = Message;
			sourceTree = "<group>";
		};
		4DB3F02C246318BE00602F96 /* Profile */ = {
			isa = PBXGroup;
			children = (
				4DB3F02E246318BE00602F96 /* Profile_VC.swift */,
				4DB3F02D246318BE00602F96 /* Profile_VM.swift */,
			);
			path = Profile;
			sourceTree = "<group>";
		};
		4DC6F52B246D8CA0003D3B0E /* Page */ = {
			isa = PBXGroup;
			children = (
				4DC6F52D246D8CA0003D3B0E /* Page_VC.swift */,
				4DC6F52C246D8CA0003D3B0E /* Page_VM.swift */,
			);
			path = Page;
			sourceTree = "<group>";
		};
		4DC6F530246D8CD4003D3B0E /* View */ = {
			isa = PBXGroup;
			children = (
				4D9FD72524705043007A9703 /* MessageInputView.swift */,
				4DC6F531246D8CD4003D3B0E /* PageControl.swift */,
				4D63F40A24A9DB520012730D /* Visualizer.swift */,
			);
			path = View;
			sourceTree = "<group>";
		};
		4DCC6D692456D59900EB0CCF /* Main */ = {
			isa = PBXGroup;
			children = (
				4DCC6D6B2456D59900EB0CCF /* Main_VC.swift */,
				4DCC6D6A2456D59900EB0CCF /* Main_VM.swift */,
				4DCC6D702456DE1B00EB0CCF /* MainCell_NewUser.swift */,
				4DCC6D6E2456DE1B00EB0CCF /* MainCell_TopUser.swift */,
			);
			path = Main;
			sourceTree = "<group>";
		};
		4DE1E04B2455F07000A25A81 /* User */ = {
			isa = PBXGroup;
			children = (
				4DE1E04C2455F07000A25A81 /* User_VC.swift */,
				4DE1E0572455F1E700A25A81 /* User.swift */,
				4DE1E04D2455F07000A25A81 /* UserCell_VM.swift */,
				4DE1E04E2455F07000A25A81 /* UserCell.swift */,
			);
			path = User;
			sourceTree = "<group>";
		};
		4DE1E04F2455F07000A25A81 /* Banner */ = {
			isa = PBXGroup;
			children = (
				4DE1E0512455F07000A25A81 /* Banner_VC.swift */,
				4DE1E0502455F07000A25A81 /* BannerView.swift */,
			);
			path = Banner;
			sourceTree = "<group>";
		};
/* End PBXGroup section */

/* Begin PBXNativeTarget section */
		4D5E77CE2451494800A7C344 /* UITest */ = {
			isa = PBXNativeTarget;
			buildConfigurationList = 4D5E77EE2451494D00A7C344 /* Build configuration list for PBXNativeTarget "UITest" */;
			buildPhases = (
				4D5E77CB2451494800A7C344 /* Sources */,
				4D5E77CC2451494800A7C344 /* Frameworks */,
				4D5E77CD2451494800A7C344 /* Resources */,
			);
			buildRules = (
			);
			dependencies = (
			);
			name = UITest;
			packageProductDependencies = (
				4D256EF325486786004B3C38 /* RxCocoa */,
				4D256EF525486786004B3C38 /* RxSwift */,
				4D256EFA254867F8004B3C38 /* RxGesture */,
				4D256EFF25486820004B3C38 /* SnapKit */,
				4D256F0425486865004B3C38 /* RxAppState */,
				4D256F09254868AA004B3C38 /* Differentiator */,
				4D256F0B254868AA004B3C38 /* RxDataSources */,
				4D256F10254868DB004B3C38 /* Alamofire */,
				4D256F1525486955004B3C38 /* Gedatsu */,
			);
			productName = UITest;
			productReference = 4D5E77CF2451494800A7C344 /* UITest.app */;
			productType = "com.apple.product-type.application";
		};
		4D5E77E42451494C00A7C344 /* UITestTests */ = {
			isa = PBXNativeTarget;
			buildConfigurationList = 4D5E77F12451494D00A7C344 /* Build configuration list for PBXNativeTarget "UITestTests" */;
			buildPhases = (
				4D5E77E12451494C00A7C344 /* Sources */,
				4D5E77E22451494C00A7C344 /* Frameworks */,
				4D5E77E32451494C00A7C344 /* Resources */,
			);
			buildRules = (
			);
			dependencies = (
				4D5E77E72451494D00A7C344 /* PBXTargetDependency */,
			);
			name = UITestTests;
			productName = UITestTests;
			productReference = 4D5E77E52451494C00A7C344 /* UITestTests.xctest */;
			productType = "com.apple.product-type.bundle.unit-test";
		};
/* End PBXNativeTarget section */

/* Begin PBXProject section */
		4D5E77C72451494800A7C344 /* Project object */ = {
			isa = PBXProject;
			attributes = {
				LastSwiftUpdateCheck = 1130;
				LastUpgradeCheck = 1130;
				ORGANIZATIONNAME = "Seungho Hong";
				TargetAttributes = {
					4D5E77CE2451494800A7C344 = {
						CreatedOnToolsVersion = 11.3.1;
					};
					4D5E77E42451494C00A7C344 = {
						CreatedOnToolsVersion = 11.3.1;
						TestTargetID = 4D5E77CE2451494800A7C344;
					};
				};
			};
			buildConfigurationList = 4D5E77CA2451494800A7C344 /* Build configuration list for PBXProject "UITest" */;
			compatibilityVersion = "Xcode 9.3";
			developmentRegion = en;
			hasScannedForEncodings = 0;
			knownRegions = (
				en,
				Base,
			);
			mainGroup = 4D5E77C62451494800A7C344;
			packageReferences = (
				4D256EF225486786004B3C38 /* XCRemoteSwiftPackageReference "RxSwift" */,
				4D256EF9254867F8004B3C38 /* XCRemoteSwiftPackageReference "RxGesture" */,
				4D256EFE25486820004B3C38 /* XCRemoteSwiftPackageReference "SnapKit" */,
				4D256F0325486865004B3C38 /* XCRemoteSwiftPackageReference "RxAppState" */,
				4D256F08254868AA004B3C38 /* XCRemoteSwiftPackageReference "RxDataSources" */,
				4D256F0F254868DB004B3C38 /* XCRemoteSwiftPackageReference "Alamofire" */,
				4D256F1425486955004B3C38 /* XCRemoteSwiftPackageReference "Gedatsu" */,
			);
			productRefGroup = 4D5E77D02451494800A7C344 /* Products */;
			projectDirPath = "";
			projectRoot = "";
			targets = (
				4D5E77CE2451494800A7C344 /* UITest */,
				4D5E77E42451494C00A7C344 /* UITestTests */,
			);
		};
/* End PBXProject section */

/* Begin PBXResourcesBuildPhase section */
		4D5E77CD2451494800A7C344 /* Resources */ = {
			isa = PBXResourcesBuildPhase;
			buildActionMask = 2147483647;
			files = (
				4D5E77DF2451494C00A7C344 /* LaunchScreen.storyboard in Resources */,
				4D5E77DC2451494C00A7C344 /* Assets.xcassets in Resources */,
				4D5E77DA2451494800A7C344 /* Main.storyboard in Resources */,
			);
			runOnlyForDeploymentPostprocessing = 0;
		};
		4D5E77E32451494C00A7C344 /* Resources */ = {
			isa = PBXResourcesBuildPhase;
			buildActionMask = 2147483647;
			files = (
			);
			runOnlyForDeploymentPostprocessing = 0;
		};
/* End PBXResourcesBuildPhase section */

/* Begin PBXSourcesBuildPhase section */
		4D5E77CB2451494800A7C344 /* Sources */ = {
			isa = PBXSourcesBuildPhase;
			buildActionMask = 2147483647;
			files = (
				4DE1E0562455F07000A25A81 /* Banner_VC.swift in Sources */,
				4D47F5DC2581BD8600DD209D /* Tooltip_VC.swift in Sources */,
				4D449ACD254C8BA000BC5623 /* Data+Util.swift in Sources */,
				4D5E77FB24515E1300A7C344 /* Collection+Util.swift in Sources */,
				4D9FD72D2470F1A4007A9703 /* Message_VM.swift in Sources */,
				4DE1E0522455F07000A25A81 /* User_VC.swift in Sources */,
				4DCC6D712456DE1B00EB0CCF /* MainCell_TopUser.swift in Sources */,
				4D256F1D25486BC3004B3C38 /* Recorder_VM.swift in Sources */,
				4D5E77D72451494800A7C344 /* ViewController.swift in Sources */,
				4D7DCEC9246EFBA400787D9B /* UIPageViewController+Util.swift in Sources */,
				4DABE82F2598ED9A0047D704 /* Sprinklable.swift in Sources */,
				4D256F1E25486BC3004B3C38 /* AudioRecorder.swift in Sources */,
				4DB3F030246318BF00602F96 /* Profile_VC.swift in Sources */,
				4D69F5A725523488007827D7 /* Picker_VC.swift in Sources */,
				4D5E77D32451494800A7C344 /* AppDelegate.swift in Sources */,
				4D9FD72624705043007A9703 /* MessageInputView.swift in Sources */,
				4DCC6D6D2456D59900EB0CCF /* Main_VC.swift in Sources */,
				4D256F1F25486BC3004B3C38 /* Recorder_VC.swift in Sources */,
				4DCC6D6C2456D59900EB0CCF /* Main_VM.swift in Sources */,
				4DC6F532246D8CD4003D3B0E /* PageControl.swift in Sources */,
				4DE1E0552455F07000A25A81 /* BannerView.swift in Sources */,
				4DC6F52E246D8CA0003D3B0E /* Page_VM.swift in Sources */,
				4D256F2B25487153004B3C38 /* Error+Util.swift in Sources */,
				4D5E77D52451494800A7C344 /* SceneDelegate.swift in Sources */,
				4DABE8352598F1C60047D704 /* UIView+Sprinkle.swift in Sources */,
				4DC6F52F246D8CA0003D3B0E /* Page_VC.swift in Sources */,
				4DCC6D732456DE1B00EB0CCF /* MainCell_NewUser.swift in Sources */,
				4DE1E0532455F07000A25A81 /* UserCell_VM.swift in Sources */,
				4DE1E0582455F1E700A25A81 /* User.swift in Sources */,
				4D9FD72C2470F1A4007A9703 /* Message_VC.swift in Sources */,
				4DB3F02F246318BF00602F96 /* Profile_VM.swift in Sources */,
				4D9FD72824705172007A9703 /* RxView.swift in Sources */,
				4D63F40B24A9DB520012730D /* Visualizer.swift in Sources */,
				4DE1E0542455F07000A25A81 /* UserCell.swift in Sources */,
				4D47F5E22581C27C00DD209D /* TooltipView.swift in Sources */,
				4DABE83B2598F29D0047D704 /* UIImage+Util.swift in Sources */,
			);
			runOnlyForDeploymentPostprocessing = 0;
		};
		4D5E77E12451494C00A7C344 /* Sources */ = {
			isa = PBXSourcesBuildPhase;
			buildActionMask = 2147483647;
			files = (
				4D5E77EA2451494D00A7C344 /* UITestTests.swift in Sources */,
			);
			runOnlyForDeploymentPostprocessing = 0;
		};
/* End PBXSourcesBuildPhase section */

/* Begin PBXTargetDependency section */
		4D5E77E72451494D00A7C344 /* PBXTargetDependency */ = {
			isa = PBXTargetDependency;
			target = 4D5E77CE2451494800A7C344 /* UITest */;
			targetProxy = 4D5E77E62451494D00A7C344 /* PBXContainerItemProxy */;
		};
/* End PBXTargetDependency section */

/* Begin PBXVariantGroup section */
		4D5E77D82451494800A7C344 /* Main.storyboard */ = {
			isa = PBXVariantGroup;
			children = (
				4D5E77D92451494800A7C344 /* Base */,
			);
			name = Main.storyboard;
			sourceTree = "<group>";
		};
		4D5E77DD2451494C00A7C344 /* LaunchScreen.storyboard */ = {
			isa = PBXVariantGroup;
			children = (
				4D5E77DE2451494C00A7C344 /* Base */,
			);
			name = LaunchScreen.storyboard;
			sourceTree = "<group>";
		};
/* End PBXVariantGroup section */

/* Begin XCBuildConfiguration section */
		4D5E77EC2451494D00A7C344 /* Debug */ = {
			isa = XCBuildConfiguration;
			buildSettings = {
				ALWAYS_SEARCH_USER_PATHS = NO;
				CLANG_ANALYZER_NONNULL = YES;
				CLANG_ANALYZER_NUMBER_OBJECT_CONVERSION = YES_AGGRESSIVE;
				CLANG_CXX_LANGUAGE_STANDARD = "gnu++14";
				CLANG_CXX_LIBRARY = "libc++";
				CLANG_ENABLE_MODULES = YES;
				CLANG_ENABLE_OBJC_ARC = YES;
				CLANG_ENABLE_OBJC_WEAK = YES;
				CLANG_WARN_BLOCK_CAPTURE_AUTORELEASING = YES;
				CLANG_WARN_BOOL_CONVERSION = YES;
				CLANG_WARN_COMMA = YES;
				CLANG_WARN_CONSTANT_CONVERSION = YES;
				CLANG_WARN_DEPRECATED_OBJC_IMPLEMENTATIONS = YES;
				CLANG_WARN_DIRECT_OBJC_ISA_USAGE = YES_ERROR;
				CLANG_WARN_DOCUMENTATION_COMMENTS = YES;
				CLANG_WARN_EMPTY_BODY = YES;
				CLANG_WARN_ENUM_CONVERSION = YES;
				CLANG_WARN_INFINITE_RECURSION = YES;
				CLANG_WARN_INT_CONVERSION = YES;
				CLANG_WARN_NON_LITERAL_NULL_CONVERSION = YES;
				CLANG_WARN_OBJC_IMPLICIT_RETAIN_SELF = YES;
				CLANG_WARN_OBJC_LITERAL_CONVERSION = YES;
				CLANG_WARN_OBJC_ROOT_CLASS = YES_ERROR;
				CLANG_WARN_RANGE_LOOP_ANALYSIS = YES;
				CLANG_WARN_STRICT_PROTOTYPES = YES;
				CLANG_WARN_SUSPICIOUS_MOVE = YES;
				CLANG_WARN_UNGUARDED_AVAILABILITY = YES_AGGRESSIVE;
				CLANG_WARN_UNREACHABLE_CODE = YES;
				CLANG_WARN__DUPLICATE_METHOD_MATCH = YES;
				COPY_PHASE_STRIP = NO;
				DEBUG_INFORMATION_FORMAT = dwarf;
				ENABLE_STRICT_OBJC_MSGSEND = YES;
				ENABLE_TESTABILITY = YES;
				GCC_C_LANGUAGE_STANDARD = gnu11;
				GCC_DYNAMIC_NO_PIC = NO;
				GCC_NO_COMMON_BLOCKS = YES;
				GCC_OPTIMIZATION_LEVEL = 0;
				GCC_PREPROCESSOR_DEFINITIONS = (
					"DEBUG=1",
					"$(inherited)",
				);
				GCC_WARN_64_TO_32_BIT_CONVERSION = YES;
				GCC_WARN_ABOUT_RETURN_TYPE = YES_ERROR;
				GCC_WARN_UNDECLARED_SELECTOR = YES;
				GCC_WARN_UNINITIALIZED_AUTOS = YES_AGGRESSIVE;
				GCC_WARN_UNUSED_FUNCTION = YES;
				GCC_WARN_UNUSED_VARIABLE = YES;
				IPHONEOS_DEPLOYMENT_TARGET = 13.2;
				MTL_ENABLE_DEBUG_INFO = INCLUDE_SOURCE;
				MTL_FAST_MATH = YES;
				ONLY_ACTIVE_ARCH = YES;
				SDKROOT = iphoneos;
				SWIFT_ACTIVE_COMPILATION_CONDITIONS = DEBUG;
				SWIFT_OPTIMIZATION_LEVEL = "-Onone";
			};
			name = Debug;
		};
		4D5E77ED2451494D00A7C344 /* Release */ = {
			isa = XCBuildConfiguration;
			buildSettings = {
				ALWAYS_SEARCH_USER_PATHS = NO;
				CLANG_ANALYZER_NONNULL = YES;
				CLANG_ANALYZER_NUMBER_OBJECT_CONVERSION = YES_AGGRESSIVE;
				CLANG_CXX_LANGUAGE_STANDARD = "gnu++14";
				CLANG_CXX_LIBRARY = "libc++";
				CLANG_ENABLE_MODULES = YES;
				CLANG_ENABLE_OBJC_ARC = YES;
				CLANG_ENABLE_OBJC_WEAK = YES;
				CLANG_WARN_BLOCK_CAPTURE_AUTORELEASING = YES;
				CLANG_WARN_BOOL_CONVERSION = YES;
				CLANG_WARN_COMMA = YES;
				CLANG_WARN_CONSTANT_CONVERSION = YES;
				CLANG_WARN_DEPRECATED_OBJC_IMPLEMENTATIONS = YES;
				CLANG_WARN_DIRECT_OBJC_ISA_USAGE = YES_ERROR;
				CLANG_WARN_DOCUMENTATION_COMMENTS = YES;
				CLANG_WARN_EMPTY_BODY = YES;
				CLANG_WARN_ENUM_CONVERSION = YES;
				CLANG_WARN_INFINITE_RECURSION = YES;
				CLANG_WARN_INT_CONVERSION = YES;
				CLANG_WARN_NON_LITERAL_NULL_CONVERSION = YES;
				CLANG_WARN_OBJC_IMPLICIT_RETAIN_SELF = YES;
				CLANG_WARN_OBJC_LITERAL_CONVERSION = YES;
				CLANG_WARN_OBJC_ROOT_CLASS = YES_ERROR;
				CLANG_WARN_RANGE_LOOP_ANALYSIS = YES;
				CLANG_WARN_STRICT_PROTOTYPES = YES;
				CLANG_WARN_SUSPICIOUS_MOVE = YES;
				CLANG_WARN_UNGUARDED_AVAILABILITY = YES_AGGRESSIVE;
				CLANG_WARN_UNREACHABLE_CODE = YES;
				CLANG_WARN__DUPLICATE_METHOD_MATCH = YES;
				COPY_PHASE_STRIP = NO;
				DEBUG_INFORMATION_FORMAT = "dwarf-with-dsym";
				ENABLE_NS_ASSERTIONS = NO;
				ENABLE_STRICT_OBJC_MSGSEND = YES;
				GCC_C_LANGUAGE_STANDARD = gnu11;
				GCC_NO_COMMON_BLOCKS = YES;
				GCC_WARN_64_TO_32_BIT_CONVERSION = YES;
				GCC_WARN_ABOUT_RETURN_TYPE = YES_ERROR;
				GCC_WARN_UNDECLARED_SELECTOR = YES;
				GCC_WARN_UNINITIALIZED_AUTOS = YES_AGGRESSIVE;
				GCC_WARN_UNUSED_FUNCTION = YES;
				GCC_WARN_UNUSED_VARIABLE = YES;
				IPHONEOS_DEPLOYMENT_TARGET = 13.2;
				MTL_ENABLE_DEBUG_INFO = NO;
				MTL_FAST_MATH = YES;
				SDKROOT = iphoneos;
				SWIFT_COMPILATION_MODE = wholemodule;
				SWIFT_OPTIMIZATION_LEVEL = "-O";
				VALIDATE_PRODUCT = YES;
			};
			name = Release;
		};
		4D5E77EF2451494D00A7C344 /* Debug */ = {
			isa = XCBuildConfiguration;
			buildSettings = {
				ASSETCATALOG_COMPILER_APPICON_NAME = AppIcon;
				CODE_SIGN_IDENTITY = "iPhone Developer";
				CODE_SIGN_STYLE = Automatic;
				DEVELOPMENT_TEAM = BT6RS3Y7F7;
				INFOPLIST_FILE = UITest/Info.plist;
				LD_RUNPATH_SEARCH_PATHS = (
					"$(inherited)",
					"@executable_path/Frameworks",
				);
				PRODUCT_BUNDLE_IDENTIFIER = com.raymond.UITest;
				PRODUCT_NAME = "$(TARGET_NAME)";
				SWIFT_VERSION = 5.0;
				TARGETED_DEVICE_FAMILY = "1,2";
			};
			name = Debug;
		};
		4D5E77F02451494D00A7C344 /* Release */ = {
			isa = XCBuildConfiguration;
			buildSettings = {
				ASSETCATALOG_COMPILER_APPICON_NAME = AppIcon;
				CODE_SIGN_IDENTITY = "iPhone Developer";
				CODE_SIGN_STYLE = Automatic;
				DEVELOPMENT_TEAM = BT6RS3Y7F7;
				INFOPLIST_FILE = UITest/Info.plist;
				LD_RUNPATH_SEARCH_PATHS = (
					"$(inherited)",
					"@executable_path/Frameworks",
				);
				PRODUCT_BUNDLE_IDENTIFIER = com.raymond.UITest;
				PRODUCT_NAME = "$(TARGET_NAME)";
				SWIFT_VERSION = 5.0;
				TARGETED_DEVICE_FAMILY = "1,2";
			};
			name = Release;
		};
		4D5E77F22451494D00A7C344 /* Debug */ = {
			isa = XCBuildConfiguration;
			buildSettings = {
				ALWAYS_EMBED_SWIFT_STANDARD_LIBRARIES = YES;
				BUNDLE_LOADER = "$(TEST_HOST)";
				CODE_SIGN_STYLE = Automatic;
				INFOPLIST_FILE = UITestTests/Info.plist;
				IPHONEOS_DEPLOYMENT_TARGET = 13.2;
				LD_RUNPATH_SEARCH_PATHS = (
					"$(inherited)",
					"@executable_path/Frameworks",
					"@loader_path/Frameworks",
				);
				PRODUCT_BUNDLE_IDENTIFIER = com.raymond.UITestTests;
				PRODUCT_NAME = "$(TARGET_NAME)";
				SWIFT_VERSION = 5.0;
				TARGETED_DEVICE_FAMILY = "1,2";
				TEST_HOST = "$(BUILT_PRODUCTS_DIR)/UITest.app/UITest";
			};
			name = Debug;
		};
		4D5E77F32451494D00A7C344 /* Release */ = {
			isa = XCBuildConfiguration;
			buildSettings = {
				ALWAYS_EMBED_SWIFT_STANDARD_LIBRARIES = YES;
				BUNDLE_LOADER = "$(TEST_HOST)";
				CODE_SIGN_STYLE = Automatic;
				INFOPLIST_FILE = UITestTests/Info.plist;
				IPHONEOS_DEPLOYMENT_TARGET = 13.2;
				LD_RUNPATH_SEARCH_PATHS = (
					"$(inherited)",
					"@executable_path/Frameworks",
					"@loader_path/Frameworks",
				);
				PRODUCT_BUNDLE_IDENTIFIER = com.raymond.UITestTests;
				PRODUCT_NAME = "$(TARGET_NAME)";
				SWIFT_VERSION = 5.0;
				TARGETED_DEVICE_FAMILY = "1,2";
				TEST_HOST = "$(BUILT_PRODUCTS_DIR)/UITest.app/UITest";
			};
			name = Release;
		};
/* End XCBuildConfiguration section */

/* Begin XCConfigurationList section */
		4D5E77CA2451494800A7C344 /* Build configuration list for PBXProject "UITest" */ = {
			isa = XCConfigurationList;
			buildConfigurations = (
				4D5E77EC2451494D00A7C344 /* Debug */,
				4D5E77ED2451494D00A7C344 /* Release */,
			);
			defaultConfigurationIsVisible = 0;
			defaultConfigurationName = Release;
		};
		4D5E77EE2451494D00A7C344 /* Build configuration list for PBXNativeTarget "UITest" */ = {
			isa = XCConfigurationList;
			buildConfigurations = (
				4D5E77EF2451494D00A7C344 /* Debug */,
				4D5E77F02451494D00A7C344 /* Release */,
			);
			defaultConfigurationIsVisible = 0;
			defaultConfigurationName = Release;
		};
		4D5E77F12451494D00A7C344 /* Build configuration list for PBXNativeTarget "UITestTests" */ = {
			isa = XCConfigurationList;
			buildConfigurations = (
				4D5E77F22451494D00A7C344 /* Debug */,
				4D5E77F32451494D00A7C344 /* Release */,
			);
			defaultConfigurationIsVisible = 0;
			defaultConfigurationName = Release;
		};
/* End XCConfigurationList section */

/* Begin XCRemoteSwiftPackageReference section */
		4D256EF225486786004B3C38 /* XCRemoteSwiftPackageReference "RxSwift" */ = {
			isa = XCRemoteSwiftPackageReference;
			repositoryURL = "https://github.com/ReactiveX/RxSwift.git";
			requirement = {
				kind = upToNextMajorVersion;
				minimumVersion = 5.1.1;
			};
		};
		4D256EF9254867F8004B3C38 /* XCRemoteSwiftPackageReference "RxGesture" */ = {
			isa = XCRemoteSwiftPackageReference;
			repositoryURL = "https://github.com/RxSwiftCommunity/RxGesture.git";
			requirement = {
				kind = upToNextMajorVersion;
				minimumVersion = 3.0.3;
			};
		};
		4D256EFE25486820004B3C38 /* XCRemoteSwiftPackageReference "SnapKit" */ = {
			isa = XCRemoteSwiftPackageReference;
			repositoryURL = "https://github.com/SnapKit/SnapKit.git";
			requirement = {
				kind = upToNextMajorVersion;
				minimumVersion = 5.0.1;
			};
		};
		4D256F0325486865004B3C38 /* XCRemoteSwiftPackageReference "RxAppState" */ = {
			isa = XCRemoteSwiftPackageReference;
			repositoryURL = "https://github.com/pixeldock/RxAppState.git";
			requirement = {
				kind = upToNextMajorVersion;
				minimumVersion = 1.6.1;
			};
		};
		4D256F08254868AA004B3C38 /* XCRemoteSwiftPackageReference "RxDataSources" */ = {
			isa = XCRemoteSwiftPackageReference;
			repositoryURL = "https://github.com/RxSwiftCommunity/RxDataSources.git";
			requirement = {
				kind = upToNextMajorVersion;
				minimumVersion = 4.0.1;
			};
		};
		4D256F0F254868DB004B3C38 /* XCRemoteSwiftPackageReference "Alamofire" */ = {
			isa = XCRemoteSwiftPackageReference;
			repositoryURL = "https://github.com/Alamofire/Alamofire.git";
			requirement = {
				kind = upToNextMajorVersion;
				minimumVersion = 5.3.0;
			};
		};
		4D256F1425486955004B3C38 /* XCRemoteSwiftPackageReference "Gedatsu" */ = {
			isa = XCRemoteSwiftPackageReference;
			repositoryURL = "https://github.com/bannzai/Gedatsu.git";
			requirement = {
				kind = upToNextMajorVersion;
				minimumVersion = 1.2.0;
			};
		};
/* End XCRemoteSwiftPackageReference section */

/* Begin XCSwiftPackageProductDependency section */
		4D256EF325486786004B3C38 /* RxCocoa */ = {
			isa = XCSwiftPackageProductDependency;
			package = 4D256EF225486786004B3C38 /* XCRemoteSwiftPackageReference "RxSwift" */;
			productName = RxCocoa;
		};
		4D256EF525486786004B3C38 /* RxSwift */ = {
			isa = XCSwiftPackageProductDependency;
			package = 4D256EF225486786004B3C38 /* XCRemoteSwiftPackageReference "RxSwift" */;
			productName = RxSwift;
		};
		4D256EFA254867F8004B3C38 /* RxGesture */ = {
			isa = XCSwiftPackageProductDependency;
			package = 4D256EF9254867F8004B3C38 /* XCRemoteSwiftPackageReference "RxGesture" */;
			productName = RxGesture;
		};
		4D256EFF25486820004B3C38 /* SnapKit */ = {
			isa = XCSwiftPackageProductDependency;
			package = 4D256EFE25486820004B3C38 /* XCRemoteSwiftPackageReference "SnapKit" */;
			productName = SnapKit;
		};
		4D256F0425486865004B3C38 /* RxAppState */ = {
			isa = XCSwiftPackageProductDependency;
			package = 4D256F0325486865004B3C38 /* XCRemoteSwiftPackageReference "RxAppState" */;
			productName = RxAppState;
		};
		4D256F09254868AA004B3C38 /* Differentiator */ = {
			isa = XCSwiftPackageProductDependency;
			package = 4D256F08254868AA004B3C38 /* XCRemoteSwiftPackageReference "RxDataSources" */;
			productName = Differentiator;
		};
		4D256F0B254868AA004B3C38 /* RxDataSources */ = {
			isa = XCSwiftPackageProductDependency;
			package = 4D256F08254868AA004B3C38 /* XCRemoteSwiftPackageReference "RxDataSources" */;
			productName = RxDataSources;
		};
		4D256F10254868DB004B3C38 /* Alamofire */ = {
			isa = XCSwiftPackageProductDependency;
			package = 4D256F0F254868DB004B3C38 /* XCRemoteSwiftPackageReference "Alamofire" */;
			productName = Alamofire;
		};
		4D256F1525486955004B3C38 /* Gedatsu */ = {
			isa = XCSwiftPackageProductDependency;
			package = 4D256F1425486955004B3C38 /* XCRemoteSwiftPackageReference "Gedatsu" */;
			productName = Gedatsu;
		};
/* End XCSwiftPackageProductDependency section */
	};
	rootObject = 4D5E77C72451494800A7C344 /* Project object */;
}
